github.com/ayden-boyko/Convert_Service_Go v1.0.0 h1:iW10sxDxclcGgmfEk4w8tOku4h+RKuFRi0qCn3pC2Ys=
github.com/ayden-boyko/Convert_Service_Go v1.0.0/go.mod h1:lxvxLY9Jsc1wQJMpcMcc6+NIyeeoisjnadYDlzoO/sQ=
github.com/google/uuid v1.6.0 h1:NIvaJDMOsjHA8n1jAhLSgzrAzy1Hgr+hNrb57e+94F0=
github.com/google/uuid v1.6.0/go.mod h1:TIyPZe4MgqvfeYDBFedMoGGpEw/LqOeaOT+nhxU+yHo=
